
Microsoft Visual Studio Solution File, Format Version 12.00
# Visual Studio Version 17
VisualStudioVersion = 17.10.35013.160
MinimumVisualStudioVersion = 10.0.40219.1
Project("{FAE04EC0-301F-11D3-BF4B-00C04F79EFBC}") = "reversenumber", "reversenumber\reversenumber.csproj", "{6E8A6F1C-4024-4E3F-8DDC-26EC7502E37C}"
EndProject
Global
	GlobalSection(SolutionConfigurationPlatforms) = preSolution
		Debug|Any CPU = Debug|Any CPU
		Release|Any CPU = Release|Any CPU
	EndGlobalSection
	GlobalSection(ProjectConfigurationPlatforms) = postSolution
		{6E8A6F1C-4024-4E3F-8DDC-26EC7502E37C}.Debug|Any CPU.ActiveCfg = Debug|Any CPU
		{6E8A6F1C-4024-4E3F-8DDC-26EC7502E37C}.Debug|Any CPU.Build.0 = Debug|Any CPU
		{6E8A6F1C-4024-4E3F-8DDC-26EC7502E37C}.Release|Any CPU.ActiveCfg = Release|Any CPU
		{6E8A6F1C-4024-4E3F-8DDC-26EC7502E37C}.Release|Any CPU.Build.0 = Release|Any CPU
	EndGlobalSection
	GlobalSection(SolutionProperties) = preSolution
		HideSolutionNode = FALSE
	EndGlobalSection
	GlobalSection(ExtensibilityGlobals) = postSolution
		SolutionGuid = {D8CE2B57-1FCD-4768-AF85-06F302DCD364}
	EndGlobalSection
EndGlobal
